{
  "lockfileVersion": 1,
  "workspaces": {
    "": {
      "name": "prisma-statex-generator",
      "dependencies": {
        "@prisma/client": "^5.0.0",
        "@prisma/generator-helper": "^5.0.0",
        "zod": "^3.25.46",
      },
      "devDependencies": {
        "@types/bun": "latest",
        "@types/node": "^20.0.0",
      },
      "peerDependencies": {
        "prisma": "^5.0.0",
        "typescript": "^5",
      },
    },
  },
  "packages": {
    "@prisma/client": ["@prisma/client@5.22.0", "", { "peerDependencies": { "prisma": "*" }, "optionalPeers": ["prisma"] }, "sha512-M0SVXfyHnQREBKxCgyo7sffrKttwE6R8PMq330MIUF0pTwjUhLbW84pFDlf06B27XyCR++VtjugEnIHdr07SVA=="],

    "@prisma/debug": ["@prisma/debug@5.22.0", "", {}, "sha512-AUt44v3YJeggO2ZU5BkXI7M4hu9BF2zzH2iF2V5pyXT/lRTyWiElZ7It+bRH1EshoMRxHgpYg4VB6rCM+mG5jQ=="],

    "@prisma/engines": ["@prisma/engines@5.22.0", "", { "dependencies": { "@prisma/debug": "5.22.0", "@prisma/engines-version": "5.22.0-44.605197351a3c8bdd595af2d2a9bc3025bca48ea2", "@prisma/fetch-engine": "5.22.0", "@prisma/get-platform": "5.22.0" } }, "sha512-UNjfslWhAt06kVL3CjkuYpHAWSO6L4kDCVPegV6itt7nD1kSJavd3vhgAEhjglLJJKEdJ7oIqDJ+yHk6qO8gPA=="],

    "@prisma/engines-version": ["@prisma/engines-version@5.22.0-44.605197351a3c8bdd595af2d2a9bc3025bca48ea2", "", {}, "sha512-2PTmxFR2yHW/eB3uqWtcgRcgAbG1rwG9ZriSvQw+nnb7c4uCr3RAcGMb6/zfE88SKlC1Nj2ziUvc96Z379mHgQ=="],

    "@prisma/fetch-engine": ["@prisma/fetch-engine@5.22.0", "", { "dependencies": { "@prisma/debug": "5.22.0", "@prisma/engines-version": "5.22.0-44.605197351a3c8bdd595af2d2a9bc3025bca48ea2", "@prisma/get-platform": "5.22.0" } }, "sha512-bkrD/Mc2fSvkQBV5EpoFcZ87AvOgDxbG99488a5cexp5Ccny+UM6MAe/UFkUC0wLYD9+9befNOqGiIJhhq+HbA=="],

    "@prisma/generator-helper": ["@prisma/generator-helper@5.22.0", "", { "dependencies": { "@prisma/debug": "5.22.0" } }, "sha512-LwqcBQ5/QsuAaLNQZAIVIAJDJBMjHwMwn16e06IYx/3Okj/xEEfw9IvrqB2cJCl3b2mCBlh3eVH0w9WGmi4aHg=="],

    "@prisma/get-platform": ["@prisma/get-platform@5.22.0", "", { "dependencies": { "@prisma/debug": "5.22.0" } }, "sha512-pHhpQdr1UPFpt+zFfnPazhulaZYCUqeIcPpJViYoq9R+D/yw4fjE+CtnsnKzPYm0ddUbeXUzjGVGIRVgPDCk4Q=="],

    "@types/bun": ["@types/bun@1.2.15", "", { "dependencies": { "bun-types": "1.2.15" } }, "sha512-U1ljPdBEphF0nw1MIk0hI7kPg7dFdPyM7EenHsp6W5loNHl7zqy6JQf/RKCgnUn2KDzUpkBwHPnEJEjII594bA=="],

    "@types/node": ["@types/node@20.17.57", "", { "dependencies": { "undici-types": "~6.19.2" } }, "sha512-f3T4y6VU4fVQDKVqJV4Uppy8c1p/sVvS3peyqxyWnzkqXFJLRU7Y1Bl7rMS1Qe9z0v4M6McY0Fp9yBsgHJUsWQ=="],

    "bun-types": ["bun-types@1.2.15", "", { "dependencies": { "@types/node": "*" } }, "sha512-NarRIaS+iOaQU1JPfyKhZm4AsUOrwUOqRNHY0XxI8GI8jYxiLXLcdjYMG9UKS+fwWasc1uw1htV9AX24dD+p4w=="],

    "fsevents": ["fsevents@2.3.3", "", { "os": "darwin" }, "sha512-5xoDfX+fL7faATnagmWPpbFtwh/R77WmMMqqHGS65C3vvB0YHrgF+B1YmZ3441tMj5n63k0212XNoJwzlhffQw=="],

    "prisma": ["prisma@5.22.0", "", { "dependencies": { "@prisma/engines": "5.22.0" }, "optionalDependencies": { "fsevents": "2.3.3" }, "bin": { "prisma": "build/index.js" } }, "sha512-vtpjW3XuYCSnMsNVBjLMNkTj6OZbudcPPTPYHqX0CJfpcdWciI1dM8uHETwmDxxiqEwCIE6WvXucWUetJgfu/A=="],

    "typescript": ["typescript@5.8.3", "", { "bin": { "tsc": "bin/tsc", "tsserver": "bin/tsserver" } }, "sha512-p1diW6TqL9L07nNxvRMM7hMMw4c5XOo/1ibL4aAIGmSAt9slTE1Xgw5KWuof2uTOvCg9BY7ZRi+GaF+7sfgPeQ=="],

    "undici-types": ["undici-types@6.19.8", "", {}, "sha512-ve2KP6f/JnbPBFyobGHuerC9g1FYGn/F8n1LWTwNxCEzd6IfqTwUQcNXgEtmmQ6DlRrC1hrSrBnCZPokRrDHjw=="],

    "zod": ["zod@3.25.46", "", {}, "sha512-IqRxcHEIjqLd4LNS/zKffB3Jzg3NwqJxQQ0Ns7pdrvgGkwQsEBdEQcOHaBVqvvZArShRzI39+aMST3FBGmTrLQ=="],

    "bun-types/@types/node": ["@types/node@22.15.29", "", { "dependencies": { "undici-types": "~6.21.0" } }, "sha512-LNdjOkUDlU1RZb8e1kOIUpN1qQUlzGkEtbVNo53vbrwDg5om6oduhm4SiUaPW5ASTXhAiP0jInWG8Qx9fVlOeQ=="],

    "bun-types/@types/node/undici-types": ["undici-types@6.21.0", "", {}, "sha512-iwDZqg0QAGrg9Rav5H4n0M64c3mkR59cJ6wQp+7C4nI0gsmExaedaYLNO44eT4AtBBwjbTiGPMlt2Md0T9H9JQ=="],
  }
}
